{
  "nodes": {
    "flake-parts": {
      "inputs": {
        "nixpkgs-lib": "nixpkgs-lib"
      },
      "locked": {
        "lastModified": 1765835352,
        "narHash": "sha256-XswHlK/Qtjasvhd1nOa1e8MgZ8GS//jBoTqWtrS1Giw=",
        "owner": "hercules-ci",
        "repo": "flake-parts",
        "rev": "a34fae9c08a15ad73f295041fec82323541400a9",
        "type": "github"
      },
      "original": {
        "owner": "hercules-ci",
        "repo": "flake-parts",
        "type": "github"
      }
    },
    "hacl-packages": {
      "flake": false,
      "locked": {
        "lastModified": 1727678790,
        "narHash": "sha256-SYBXO438HF+lFQTs8SBBuGE/g/pOGj6VS6KlyRZpnYA=",
        "owner": "cryspen",
        "repo": "hacl-packages",
        "rev": "05c3d8fb321ed65e3db3a6a8b853019e86fb40a2",
        "type": "github"
      },
      "original": {
        "owner": "cryspen",
        "repo": "hacl-packages",
        "rev": "05c3d8fb321ed65e3db3a6a8b853019e86fb40a2",
        "type": "github"
      }
    },
    "lean4-nix": {
      "inputs": {
        "flake-parts": "flake-parts",
        "nixpkgs": [
          "nixpkgs"
        ]
      },
      "locked": {
        "lastModified": 1784223297,
        "narHash": "sha256-rmEX8SXvtT7Fi8hOZuCXCbpyzno3iTQYnV3WKzsAVHw=",
        "owner": "lenianiva",
        "repo": "lean4-nix",
        "rev": "82993165f5f30879fc9d40734615ec54cb541e61",
        "type": "github"
      },
      "original": {
        "owner": "lenianiva",
        "repo": "lean4-nix",
        "type": "github"
      }
    },
    "nixpkgs": {
      "locked": {
        "lastModified": 1784497964,
        "narHash": "sha256-vlHUuqAcbcH2RKmHbPiuQzbv1pnzzavXnI62RD0bqCU=",
        "owner": "NixOS",
        "repo": "nixpkgs",
        "rev": "241313f4e8e508cb9b13278c2b0fa25b9ca27163",
        "type": "github"
      },
      "original": {
        "owner": "NixOS",
        "ref": "nixos-unstable",
        "repo": "nixpkgs",
        "type": "github"
      }
    },
    "nixpkgs-lib": {
      "locked": {
        "lastModified": 1765674936,
        "narHash": "sha256-k00uTP4JNfmejrCLJOwdObYC9jHRrr/5M/a/8L2EIdo=",
        "owner": "nix-community",
        "repo": "nixpkgs.lib",
        "rev": "2075416fcb47225d9b68ac469a5c4801a9c4dd85",
        "type": "github"
      },
      "original": {
        "owner": "nix-community",
        "repo": "nixpkgs.lib",
        "type": "github"
      }
    },
    "root": {
      "inputs": {
        "hacl-packages": "hacl-packages",
        "lean4-nix": "lean4-nix",
        "nixpkgs": "nixpkgs",
        "secp256k1": "secp256k1"
      }
    },
    "secp256k1": {
      "flake": false,
      "locked": {
        "lastModified": 1769456498,
        "narHash": "sha256-DnBgetf+98n7B1JGtyTdxyc+yQ51A3+ueTIPPSWCm4E=",
        "owner": "bitcoin-core",
        "repo": "secp256k1",
        "rev": "1a53f4961f337b4d166c25fce72ef0dc88806618",
        "type": "github"
      },
      "original": {
        "owner": "bitcoin-core",
        "repo": "secp256k1",
        "rev": "1a53f4961f337b4d166c25fce72ef0dc88806618",
        "type": "github"
      }
    }
  },
  "root": "root",
  "version": 7
}
