{
  "name": "leancli-helios-bridge",
  "version": "0.0.1",
  "lockfileVersion": 3,
  "requires": true,
  "packages": {
    "": {
      "name": "leancli-helios-bridge",
      "version": "0.0.1",
      "dependencies": {
        "@a16z/helios": ">=0.11"
      },
      "bin": {
        "leancli-helios-bridge": "bridge.mjs"
      },
      "engines": {
        "node": ">=22"
      }
    },
    "node_modules/@a16z/helios": {
      "version": "0.11.1",
      "resolved": "https://registry.npmjs.org/@a16z/helios/-/helios-0.11.1.tgz",
      "integrity": "sha512-rd+RNnhKcDDRJsEOeHQ7I5FcSG2sZ1dKblCA7tI+tFdhQ5Fdox6ZwIQYdyn7s2YKVx+bnyrLociWxNvmAuaK/Q==",
      "license": "MIT",
      "dependencies": {
        "eventemitter3": "^5.0.1",
        "uuid": "^11.0.5"
      }
    },
    "node_modules/eventemitter3": {
      "version": "5.0.4",
      "resolved": "https://registry.npmjs.org/eventemitter3/-/eventemitter3-5.0.4.tgz",
      "integrity": "sha512-mlsTRyGaPBjPedk6Bvw+aqbsXDtoAyAzm5MO7JgU+yVRyMQ5O8bD4Kcci7BS85f93veegeCPkL8R4GLClnjLFw==",
      "license": "MIT"
    },
    "node_modules/uuid": {
      "version": "11.1.1",
      "resolved": "https://registry.npmjs.org/uuid/-/uuid-11.1.1.tgz",
      "integrity": "sha512-vIYxrBCC/N/K+Js3qSN88go7kIfNPssr/hHCesKCQNAjmgvYS2oqr69kIufEG+O4+PfezOH4EbIeHCfFov8ZgQ==",
      "funding": [
        "https://github.com/sponsors/broofa",
        "https://github.com/sponsors/ctavan"
      ],
      "license": "MIT",
      "bin": {
        "uuid": "dist/esm/bin/uuid"
      }
    }
  }
}
